
Microsoft Visual Studio Solution File, Format Version 12.00
# Visual Studio Version 16
VisualStudioVersion = 16.0.29306.81
MinimumVisualStudioVersion = 10.0.40219.1
Project("{9A19103F-16F7-4668-BE54-9A1E7A4F7556}") = "AllLottery", "AllLottery\AllLottery.csproj", "{E491AD18-950C-4A88-A35D-04911F08771D}"
EndProject
Project("{9A19103F-16F7-4668-BE54-9A1E7A4F7556}") = "AllLottery.Model", "AllLottery.Model\AllLottery.Model.csproj", "{6DF4CB27-1CD9-4CB5-89AA-F261849FD1BD}"
EndProject
Project("{9A19103F-16F7-4668-BE54-9A1E7A4F7556}") = "AllLottery.Business", "AllLottery.Business\AllLottery.Business.csproj", "{338B4AC3-0909-4111-9731-4A60E1D46928}"
EndProject
Project("{9A19103F-16F7-4668-BE54-9A1E7A4F7556}") = "AllLottery.IBusiness", "AllLottery.IBusiness\AllLottery.IBusiness.csproj", "{600BC51B-4507-42C2-A57F-35B6BEBF8A0B}"
EndProject
Project("{9A19103F-16F7-4668-BE54-9A1E7A4F7556}") = "AllLottery.BaseDataModel", "AllLottery.BaseDataModel\AllLottery.BaseDataModel.csproj", "{2062CAF0-B1F8-4B92-9788-BF6D6707292B}"
EndProject
Project("{9A19103F-16F7-4668-BE54-9A1E7A4F7556}") = "AllLottery.ViewModel", "AllLottery.ViewModel\AllLottery.ViewModel.csproj", "{5A800AB0-C654-40CE-A6E2-51B0271C2436}"
EndProject
Project("{9A19103F-16F7-4668-BE54-9A1E7A4F7556}") = "AllLottery.Tool", "AllLottery.Tool\AllLottery.Tool.csproj", "{BE240D58-082F-4DC4-A119-B0FBC086C3DC}"
EndProject
Project("{9A19103F-16F7-4668-BE54-9A1E7A4F7556}") = "Zzb", "Zzb\Zzb.csproj", "{75E16372-719D-4BA0-B79F-D13203E19A80}"
EndProject
Global
	GlobalSection(SolutionConfigurationPlatforms) = preSolution
		Debug|Any CPU = Debug|Any CPU
		Release|Any CPU = Release|Any CPU
	EndGlobalSection
	GlobalSection(ProjectConfigurationPlatforms) = postSolution
		{E491AD18-950C-4A88-A35D-04911F08771D}.Debug|Any CPU.ActiveCfg = Debug|Any CPU
		{E491AD18-950C-4A88-A35D-04911F08771D}.Debug|Any CPU.Build.0 = Debug|Any CPU
		{E491AD18-950C-4A88-A35D-04911F08771D}.Release|Any CPU.ActiveCfg = Release|Any CPU
		{E491AD18-950C-4A88-A35D-04911F08771D}.Release|Any CPU.Build.0 = Release|Any CPU
		{6DF4CB27-1CD9-4CB5-89AA-F261849FD1BD}.Debug|Any CPU.ActiveCfg = Debug|Any CPU
		{6DF4CB27-1CD9-4CB5-89AA-F261849FD1BD}.Debug|Any CPU.Build.0 = Debug|Any CPU
		{6DF4CB27-1CD9-4CB5-89AA-F261849FD1BD}.Release|Any CPU.ActiveCfg = Release|Any CPU
		{6DF4CB27-1CD9-4CB5-89AA-F261849FD1BD}.Release|Any CPU.Build.0 = Release|Any CPU
		{338B4AC3-0909-4111-9731-4A60E1D46928}.Debug|Any CPU.ActiveCfg = Debug|Any CPU
		{338B4AC3-0909-4111-9731-4A60E1D46928}.Debug|Any CPU.Build.0 = Debug|Any CPU
		{338B4AC3-0909-4111-9731-4A60E1D46928}.Release|Any CPU.ActiveCfg = Release|Any CPU
		{338B4AC3-0909-4111-9731-4A60E1D46928}.Release|Any CPU.Build.0 = Release|Any CPU
		{600BC51B-4507-42C2-A57F-35B6BEBF8A0B}.Debug|Any CPU.ActiveCfg = Debug|Any CPU
		{600BC51B-4507-42C2-A57F-35B6BEBF8A0B}.Debug|Any CPU.Build.0 = Debug|Any CPU
		{600BC51B-4507-42C2-A57F-35B6BEBF8A0B}.Release|Any CPU.ActiveCfg = Release|Any CPU
		{600BC51B-4507-42C2-A57F-35B6BEBF8A0B}.Release|Any CPU.Build.0 = Release|Any CPU
		{2062CAF0-B1F8-4B92-9788-BF6D6707292B}.Debug|Any CPU.ActiveCfg = Debug|Any CPU
		{2062CAF0-B1F8-4B92-9788-BF6D6707292B}.Debug|Any CPU.Build.0 = Debug|Any CPU
		{2062CAF0-B1F8-4B92-9788-BF6D6707292B}.Release|Any CPU.ActiveCfg = Release|Any CPU
		{2062CAF0-B1F8-4B92-9788-BF6D6707292B}.Release|Any CPU.Build.0 = Release|Any CPU
		{5A800AB0-C654-40CE-A6E2-51B0271C2436}.Debug|Any CPU.ActiveCfg = Debug|Any CPU
		{5A800AB0-C654-40CE-A6E2-51B0271C2436}.Debug|Any CPU.Build.0 = Debug|Any CPU
		{5A800AB0-C654-40CE-A6E2-51B0271C2436}.Release|Any CPU.ActiveCfg = Release|Any CPU
		{5A800AB0-C654-40CE-A6E2-51B0271C2436}.Release|Any CPU.Build.0 = Release|Any CPU
		{BE240D58-082F-4DC4-A119-B0FBC086C3DC}.Debug|Any CPU.ActiveCfg = Debug|Any CPU
		{BE240D58-082F-4DC4-A119-B0FBC086C3DC}.Debug|Any CPU.Build.0 = Debug|Any CPU
		{BE240D58-082F-4DC4-A119-B0FBC086C3DC}.Release|Any CPU.ActiveCfg = Release|Any CPU
		{BE240D58-082F-4DC4-A119-B0FBC086C3DC}.Release|Any CPU.Build.0 = Release|Any CPU
		{75E16372-719D-4BA0-B79F-D13203E19A80}.Debug|Any CPU.ActiveCfg = Debug|Any CPU
		{75E16372-719D-4BA0-B79F-D13203E19A80}.Debug|Any CPU.Build.0 = Debug|Any CPU
		{75E16372-719D-4BA0-B79F-D13203E19A80}.Release|Any CPU.ActiveCfg = Release|Any CPU
		{75E16372-719D-4BA0-B79F-D13203E19A80}.Release|Any CPU.Build.0 = Release|Any CPU
	EndGlobalSection
	GlobalSection(SolutionProperties) = preSolution
		HideSolutionNode = FALSE
	EndGlobalSection
	GlobalSection(ExtensibilityGlobals) = postSolution
		SolutionGuid = {5C4DB5CB-8527-4184-BB5F-B053099B6B5A}
	EndGlobalSection
EndGlobal
